
Microsoft Visual Studio Solution File, Format Version 12.00
Project("{FAE04EC0-301F-11D3-BF4B-00C04F79EFBC}") = "Infrastructure", "Infrastructure\Infrastructure.csproj", "{70674D8B-DC41-4912-9C61-207BB15F663C}"
EndProject
Project("{FAE04EC0-301F-11D3-BF4B-00C04F79EFBC}") = "Domain", "Domain\Domain.csproj", "{4B76F7BA-9659-4F9A-B639-093358D66935}"
EndProject
Project("{FAE04EC0-301F-11D3-BF4B-00C04F79EFBC}") = "Application", "Application\Application.csproj", "{726381AC-485E-4C3E-8011-59570E3A5960}"
EndProject
Project("{FAE04EC0-301F-11D3-BF4B-00C04F79EFBC}") = "Presentation", "Presentation\Presentation.csproj", "{2EAD4A4E-5016-4E73-A598-4154BF052CD0}"
EndProject
Project("{2150E333-8FDC-42A3-9474-1A3956D46DE8}") = "src", "src", "{D07E18E7-496B-4E46-BC1E-604B8CD77534}"
EndProject
Project("{2150E333-8FDC-42A3-9474-1A3956D46DE8}") = "tests", "tests", "{D8D4B786-ACA2-47B0-AC6B-D258AB5012F3}"
EndProject
Project("{FAE04EC0-301F-11D3-BF4B-00C04F79EFBC}") = "ProjectTest", "ProjectTest\ProjectTest.csproj", "{4EE13025-63F6-4169-9339-8401162DD4C9}"
EndProject
Project("{FAE04EC0-301F-11D3-BF4B-00C04F79EFBC}") = "ProjectTest.Common", "ProjectTest.Common\ProjectTest.Common.csproj", "{DA07C0C1-3C81-41A6-9132-F78165B913EB}"
EndProject
Project("{FAE04EC0-301F-11D3-BF4B-00C04F79EFBC}") = "ProjectTest.Data", "ProjectTest.Data\ProjectTest.Data.csproj", "{5A1453EE-7AF9-4BDA-B168-3CB110E34338}"
EndProject
Global
	GlobalSection(SolutionConfigurationPlatforms) = preSolution
		Debug|Any CPU = Debug|Any CPU
		Release|Any CPU = Release|Any CPU
	EndGlobalSection
	GlobalSection(ProjectConfigurationPlatforms) = postSolution
		{70674D8B-DC41-4912-9C61-207BB15F663C}.Debug|Any CPU.ActiveCfg = Debug|Any CPU
		{70674D8B-DC41-4912-9C61-207BB15F663C}.Debug|Any CPU.Build.0 = Debug|Any CPU
		{70674D8B-DC41-4912-9C61-207BB15F663C}.Release|Any CPU.ActiveCfg = Release|Any CPU
		{70674D8B-DC41-4912-9C61-207BB15F663C}.Release|Any CPU.Build.0 = Release|Any CPU
		{4B76F7BA-9659-4F9A-B639-093358D66935}.Debug|Any CPU.ActiveCfg = Debug|Any CPU
		{4B76F7BA-9659-4F9A-B639-093358D66935}.Debug|Any CPU.Build.0 = Debug|Any CPU
		{4B76F7BA-9659-4F9A-B639-093358D66935}.Release|Any CPU.ActiveCfg = Release|Any CPU
		{4B76F7BA-9659-4F9A-B639-093358D66935}.Release|Any CPU.Build.0 = Release|Any CPU
		{726381AC-485E-4C3E-8011-59570E3A5960}.Debug|Any CPU.ActiveCfg = Debug|Any CPU
		{726381AC-485E-4C3E-8011-59570E3A5960}.Debug|Any CPU.Build.0 = Debug|Any CPU
		{726381AC-485E-4C3E-8011-59570E3A5960}.Release|Any CPU.ActiveCfg = Release|Any CPU
		{726381AC-485E-4C3E-8011-59570E3A5960}.Release|Any CPU.Build.0 = Release|Any CPU
		{2EAD4A4E-5016-4E73-A598-4154BF052CD0}.Debug|Any CPU.ActiveCfg = Debug|Any CPU
		{2EAD4A4E-5016-4E73-A598-4154BF052CD0}.Debug|Any CPU.Build.0 = Debug|Any CPU
		{2EAD4A4E-5016-4E73-A598-4154BF052CD0}.Release|Any CPU.ActiveCfg = Release|Any CPU
		{2EAD4A4E-5016-4E73-A598-4154BF052CD0}.Release|Any CPU.Build.0 = Release|Any CPU
		{4EE13025-63F6-4169-9339-8401162DD4C9}.Debug|Any CPU.ActiveCfg = Debug|Any CPU
		{4EE13025-63F6-4169-9339-8401162DD4C9}.Debug|Any CPU.Build.0 = Debug|Any CPU
		{4EE13025-63F6-4169-9339-8401162DD4C9}.Release|Any CPU.ActiveCfg = Release|Any CPU
		{4EE13025-63F6-4169-9339-8401162DD4C9}.Release|Any CPU.Build.0 = Release|Any CPU
		{DA07C0C1-3C81-41A6-9132-F78165B913EB}.Debug|Any CPU.ActiveCfg = Debug|Any CPU
		{DA07C0C1-3C81-41A6-9132-F78165B913EB}.Debug|Any CPU.Build.0 = Debug|Any CPU
		{DA07C0C1-3C81-41A6-9132-F78165B913EB}.Release|Any CPU.ActiveCfg = Release|Any CPU
		{DA07C0C1-3C81-41A6-9132-F78165B913EB}.Release|Any CPU.Build.0 = Release|Any CPU
		{5A1453EE-7AF9-4BDA-B168-3CB110E34338}.Debug|Any CPU.ActiveCfg = Debug|Any CPU
		{5A1453EE-7AF9-4BDA-B168-3CB110E34338}.Debug|Any CPU.Build.0 = Debug|Any CPU
		{5A1453EE-7AF9-4BDA-B168-3CB110E34338}.Release|Any CPU.ActiveCfg = Release|Any CPU
		{5A1453EE-7AF9-4BDA-B168-3CB110E34338}.Release|Any CPU.Build.0 = Release|Any CPU
	EndGlobalSection
	GlobalSection(NestedProjects) = preSolution
		{726381AC-485E-4C3E-8011-59570E3A5960} = {D07E18E7-496B-4E46-BC1E-604B8CD77534}
		{4B76F7BA-9659-4F9A-B639-093358D66935} = {D07E18E7-496B-4E46-BC1E-604B8CD77534}
		{70674D8B-DC41-4912-9C61-207BB15F663C} = {D07E18E7-496B-4E46-BC1E-604B8CD77534}
		{2EAD4A4E-5016-4E73-A598-4154BF052CD0} = {D07E18E7-496B-4E46-BC1E-604B8CD77534}
		{4EE13025-63F6-4169-9339-8401162DD4C9} = {D8D4B786-ACA2-47B0-AC6B-D258AB5012F3}
		{DA07C0C1-3C81-41A6-9132-F78165B913EB} = {D8D4B786-ACA2-47B0-AC6B-D258AB5012F3}
		{5A1453EE-7AF9-4BDA-B168-3CB110E34338} = {D8D4B786-ACA2-47B0-AC6B-D258AB5012F3}
	EndGlobalSection
EndGlobal
