
Microsoft Visual Studio Solution File, Format Version 12.00
Project("{FAE04EC0-301F-11D3-BF4B-00C04F79EFBC}") = "DovhiiLab2", "DovhiiLab2\DovhiiLab2.csproj", "{FF5BDC1E-1B23-4000-ACB8-AA0CFBF614BE}"
EndProject
Global
	GlobalSection(SolutionConfigurationPlatforms) = preSolution
		Debug|Any CPU = Debug|Any CPU
		Release|Any CPU = Release|Any CPU
	EndGlobalSection
	GlobalSection(ProjectConfigurationPlatforms) = postSolution
		{FF5BDC1E-1B23-4000-ACB8-AA0CFBF614BE}.Debug|Any CPU.ActiveCfg = Debug|Any CPU
		{FF5BDC1E-1B23-4000-ACB8-AA0CFBF614BE}.Debug|Any CPU.Build.0 = Debug|Any CPU
		{FF5BDC1E-1B23-4000-ACB8-AA0CFBF614BE}.Release|Any CPU.ActiveCfg = Release|Any CPU
		{FF5BDC1E-1B23-4000-ACB8-AA0CFBF614BE}.Release|Any CPU.Build.0 = Release|Any CPU
	EndGlobalSection
EndGlobal
